
Microsoft Visual Studio Solution File, Format Version 12.00
# Visual Studio Version 16
VisualStudioVersion = 16.0.29215.179
MinimumVisualStudioVersion = 10.0.40219.1
Project("{FAE04EC0-301F-11D3-BF4B-00C04F79EFBC}") = "AsposeHtmlPoC", "AsposeHtmlPoC\AsposeHtmlPoC.csproj", "{27788925-39E7-4365-90D5-8A6528000C6A}"
EndProject
Global
	GlobalSection(SolutionConfigurationPlatforms) = preSolution
		Debug|Any CPU = Debug|Any CPU
		Release|Any CPU = Release|Any CPU
	EndGlobalSection
	GlobalSection(ProjectConfigurationPlatforms) = postSolution
		{27788925-39E7-4365-90D5-8A6528000C6A}.Debug|Any CPU.ActiveCfg = Debug|Any CPU
		{27788925-39E7-4365-90D5-8A6528000C6A}.Debug|Any CPU.Build.0 = Debug|Any CPU
		{27788925-39E7-4365-90D5-8A6528000C6A}.Release|Any CPU.ActiveCfg = Release|Any CPU
		{27788925-39E7-4365-90D5-8A6528000C6A}.Release|Any CPU.Build.0 = Release|Any CPU
	EndGlobalSection
	GlobalSection(SolutionProperties) = preSolution
		HideSolutionNode = FALSE
	EndGlobalSection
	GlobalSection(ExtensibilityGlobals) = postSolution
		SolutionGuid = {D32E6153-04ED-4518-AC03-A18C402342C3}
	EndGlobalSection
EndGlobal
